
Microsoft Visual Studio Solution File, Format Version 12.00
# Visual Studio 14
VisualStudioVersion = 14.0.25420.1
MinimumVisualStudioVersion = 10.0.40219.1
Project("{FAE04EC0-301F-11D3-BF4B-00C04F79EFBC}") = "OmniList", "OmniList\OmniList\OmniList.csproj", "{DC160A85-EC23-4350-B0C7-E8C114442271}"
EndProject
Project("{FAE04EC0-301F-11D3-BF4B-00C04F79EFBC}") = "OmniList.Droid", "OmniList\OmniList.Droid\OmniList.Droid.csproj", "{27950806-5658-40B3-AE26-97AAED09947E}"
EndProject
Project("{FAE04EC0-301F-11D3-BF4B-00C04F79EFBC}") = "OmniList.iOS", "OmniList\OmniList.iOS\OmniList.iOS.csproj", "{4BD3E95A-2F29-4C3E-8B40-7B53038C1C59}"
EndProject
Project("{FAE04EC0-301F-11D3-BF4B-00C04F79EFBC}") = "OmniList.WinPhone", "OmniList\OmniList.WinPhone\OmniList.WinPhone.csproj", "{C5500C5A-22E4-4FB2-B0E7-7229FB30E8FF}"
EndProject
Project("{FAE04EC0-301F-11D3-BF4B-00C04F79EFBC}") = "OmniList.UWP", "OmniList\OmniList.UWP\OmniList.UWP.csproj", "{8F4C4A71-A475-4721-9EA4-E2A12FF67098}"
EndProject
Project("{FAE04EC0-301F-11D3-BF4B-00C04F79EFBC}") = "OmniList.Windows", "OmniList\OmniList.Windows\OmniList.Windows.csproj", "{8FC56B54-4429-4616-8CE0-885C9831A576}"
EndProject
Project("{FAE04EC0-301F-11D3-BF4B-00C04F79EFBC}") = "omnilistService", "OmniList\omnilistService\omnilistService.csproj", "{209FA716-A7AD-4095-BD70-C8710FC66FA7}"
EndProject
Global
	GlobalSection(SolutionConfigurationPlatforms) = preSolution
		Ad-Hoc|Any CPU = Ad-Hoc|Any CPU
		Ad-Hoc|ARM = Ad-Hoc|ARM
		Ad-Hoc|iPhone = Ad-Hoc|iPhone
		Ad-Hoc|iPhoneSimulator = Ad-Hoc|iPhoneSimulator
		Ad-Hoc|x64 = Ad-Hoc|x64
		Ad-Hoc|x86 = Ad-Hoc|x86
		AppStore|Any CPU = AppStore|Any CPU
		AppStore|ARM = AppStore|ARM
		AppStore|iPhone = AppStore|iPhone
		AppStore|iPhoneSimulator = AppStore|iPhoneSimulator
		AppStore|x64 = AppStore|x64
		AppStore|x86 = AppStore|x86
		Debug|Any CPU = Debug|Any CPU
		Debug|ARM = Debug|ARM
		Debug|iPhone = Debug|iPhone
		Debug|iPhoneSimulator = Debug|iPhoneSimulator
		Debug|x64 = Debug|x64
		Debug|x86 = Debug|x86
		Release|Any CPU = Release|Any CPU
		Release|ARM = Release|ARM
		Release|iPhone = Release|iPhone
		Release|iPhoneSimulator = Release|iPhoneSimulator
		Release|x64 = Release|x64
		Release|x86 = Release|x86
	EndGlobalSection
	GlobalSection(ProjectConfigurationPlatforms) = postSolution
		{DC160A85-EC23-4350-B0C7-E8C114442271}.Ad-Hoc|Any CPU.ActiveCfg = Release|Any CPU
		{DC160A85-EC23-4350-B0C7-E8C114442271}.Ad-Hoc|Any CPU.Build.0 = Release|Any CPU
		{DC160A85-EC23-4350-B0C7-E8C114442271}.Ad-Hoc|ARM.ActiveCfg = Release|Any CPU
		{DC160A85-EC23-4350-B0C7-E8C114442271}.Ad-Hoc|ARM.Build.0 = Release|Any CPU
		{DC160A85-EC23-4350-B0C7-E8C114442271}.Ad-Hoc|iPhone.ActiveCfg = Release|Any CPU
		{DC160A85-EC23-4350-B0C7-E8C114442271}.Ad-Hoc|iPhone.Build.0 = Release|Any CPU
		{DC160A85-EC23-4350-B0C7-E8C114442271}.Ad-Hoc|iPhoneSimulator.ActiveCfg = Release|Any CPU
		{DC160A85-EC23-4350-B0C7-E8C114442271}.Ad-Hoc|iPhoneSimulator.Build.0 = Release|Any CPU
		{DC160A85-EC23-4350-B0C7-E8C114442271}.Ad-Hoc|x64.ActiveCfg = Release|Any CPU
		{DC160A85-EC23-4350-B0C7-E8C114442271}.Ad-Hoc|x64.Build.0 = Release|Any CPU
		{DC160A85-EC23-4350-B0C7-E8C114442271}.Ad-Hoc|x86.ActiveCfg = Release|Any CPU
		{DC160A85-EC23-4350-B0C7-E8C114442271}.Ad-Hoc|x86.Build.0 = Release|Any CPU
		{DC160A85-EC23-4350-B0C7-E8C114442271}.AppStore|Any CPU.ActiveCfg = Release|Any CPU
		{DC160A85-EC23-4350-B0C7-E8C114442271}.AppStore|Any CPU.Build.0 = Release|Any CPU
		{DC160A85-EC23-4350-B0C7-E8C114442271}.AppStore|ARM.ActiveCfg = Release|Any CPU
		{DC160A85-EC23-4350-B0C7-E8C114442271}.AppStore|ARM.Build.0 = Release|Any CPU
		{DC160A85-EC23-4350-B0C7-E8C114442271}.AppStore|iPhone.ActiveCfg = Release|Any CPU
		{DC160A85-EC23-4350-B0C7-E8C114442271}.AppStore|iPhone.Build.0 = Release|Any CPU
		{DC160A85-EC23-4350-B0C7-E8C114442271}.AppStore|iPhoneSimulator.ActiveCfg = Release|Any CPU
		{DC160A85-EC23-4350-B0C7-E8C114442271}.AppStore|iPhoneSimulator.Build.0 = Release|Any CPU
		{DC160A85-EC23-4350-B0C7-E8C114442271}.AppStore|x64.ActiveCfg = Release|Any CPU
		{DC160A85-EC23-4350-B0C7-E8C114442271}.AppStore|x64.Build.0 = Release|Any CPU
		{DC160A85-EC23-4350-B0C7-E8C114442271}.AppStore|x86.ActiveCfg = Release|Any CPU
		{DC160A85-EC23-4350-B0C7-E8C114442271}.AppStore|x86.Build.0 = Release|Any CPU
		{DC160A85-EC23-4350-B0C7-E8C114442271}.Debug|Any CPU.ActiveCfg = Debug|Any CPU
		{DC160A85-EC23-4350-B0C7-E8C114442271}.Debug|Any CPU.Build.0 = Debug|Any CPU
		{DC160A85-EC23-4350-B0C7-E8C114442271}.Debug|ARM.ActiveCfg = Debug|Any CPU
		{DC160A85-EC23-4350-B0C7-E8C114442271}.Debug|ARM.Build.0 = Debug|Any CPU
		{DC160A85-EC23-4350-B0C7-E8C114442271}.Debug|iPhone.ActiveCfg = Debug|Any CPU
		{DC160A85-EC23-4350-B0C7-E8C114442271}.Debug|iPhone.Build.0 = Debug|Any CPU
		{DC160A85-EC23-4350-B0C7-E8C114442271}.Debug|iPhoneSimulator.ActiveCfg = Debug|Any CPU
		{DC160A85-EC23-4350-B0C7-E8C114442271}.Debug|iPhoneSimulator.Build.0 = Debug|Any CPU
		{DC160A85-EC23-4350-B0C7-E8C114442271}.Debug|x64.ActiveCfg = Debug|Any CPU
		{DC160A85-EC23-4350-B0C7-E8C114442271}.Debug|x64.Build.0 = Debug|Any CPU
		{DC160A85-EC23-4350-B0C7-E8C114442271}.Debug|x86.ActiveCfg = Debug|Any CPU
		{DC160A85-EC23-4350-B0C7-E8C114442271}.Debug|x86.Build.0 = Debug|Any CPU
		{DC160A85-EC23-4350-B0C7-E8C114442271}.Release|Any CPU.ActiveCfg = Release|Any CPU
		{DC160A85-EC23-4350-B0C7-E8C114442271}.Release|Any CPU.Build.0 = Release|Any CPU
		{DC160A85-EC23-4350-B0C7-E8C114442271}.Release|ARM.ActiveCfg = Release|Any CPU
		{DC160A85-EC23-4350-B0C7-E8C114442271}.Release|ARM.Build.0 = Release|Any CPU
		{DC160A85-EC23-4350-B0C7-E8C114442271}.Release|iPhone.ActiveCfg = Release|Any CPU
		{DC160A85-EC23-4350-B0C7-E8C114442271}.Release|iPhone.Build.0 = Release|Any CPU
		{DC160A85-EC23-4350-B0C7-E8C114442271}.Release|iPhoneSimulator.ActiveCfg = Release|Any CPU
		{DC160A85-EC23-4350-B0C7-E8C114442271}.Release|iPhoneSimulator.Build.0 = Release|Any CPU
		{DC160A85-EC23-4350-B0C7-E8C114442271}.Release|x64.ActiveCfg = Release|Any CPU
		{DC160A85-EC23-4350-B0C7-E8C114442271}.Release|x64.Build.0 = Release|Any CPU
		{DC160A85-EC23-4350-B0C7-E8C114442271}.Release|x86.ActiveCfg = Release|Any CPU
		{DC160A85-EC23-4350-B0C7-E8C114442271}.Release|x86.Build.0 = Release|Any CPU
		{27950806-5658-40B3-AE26-97AAED09947E}.Ad-Hoc|Any CPU.ActiveCfg = Release|Any CPU
		{27950806-5658-40B3-AE26-97AAED09947E}.Ad-Hoc|Any CPU.Build.0 = Release|Any CPU
		{27950806-5658-40B3-AE26-97AAED09947E}.Ad-Hoc|Any CPU.Deploy.0 = Release|Any CPU
		{27950806-5658-40B3-AE26-97AAED09947E}.Ad-Hoc|ARM.ActiveCfg = Release|Any CPU
		{27950806-5658-40B3-AE26-97AAED09947E}.Ad-Hoc|ARM.Build.0 = Release|Any CPU
		{27950806-5658-40B3-AE26-97AAED09947E}.Ad-Hoc|ARM.Deploy.0 = Release|Any CPU
		{27950806-5658-40B3-AE26-97AAED09947E}.Ad-Hoc|iPhone.ActiveCfg = Release|Any CPU
		{27950806-5658-40B3-AE26-97AAED09947E}.Ad-Hoc|iPhone.Build.0 = Release|Any CPU
		{27950806-5658-40B3-AE26-97AAED09947E}.Ad-Hoc|iPhone.Deploy.0 = Release|Any CPU
		{27950806-5658-40B3-AE26-97AAED09947E}.Ad-Hoc|iPhoneSimulator.ActiveCfg = Release|Any CPU
		{27950806-5658-40B3-AE26-97AAED09947E}.Ad-Hoc|iPhoneSimulator.Build.0 = Release|Any CPU
		{27950806-5658-40B3-AE26-97AAED09947E}.Ad-Hoc|iPhoneSimulator.Deploy.0 = Release|Any CPU
		{27950806-5658-40B3-AE26-97AAED09947E}.Ad-Hoc|x64.ActiveCfg = Release|Any CPU
		{27950806-5658-40B3-AE26-97AAED09947E}.Ad-Hoc|x64.Build.0 = Release|Any CPU
		{27950806-5658-40B3-AE26-97AAED09947E}.Ad-Hoc|x64.Deploy.0 = Release|Any CPU
		{27950806-5658-40B3-AE26-97AAED09947E}.Ad-Hoc|x86.ActiveCfg = Release|Any CPU
		{27950806-5658-40B3-AE26-97AAED09947E}.Ad-Hoc|x86.Build.0 = Release|Any CPU
		{27950806-5658-40B3-AE26-97AAED09947E}.Ad-Hoc|x86.Deploy.0 = Release|Any CPU
		{27950806-5658-40B3-AE26-97AAED09947E}.AppStore|Any CPU.ActiveCfg = Release|Any CPU
		{27950806-5658-40B3-AE26-97AAED09947E}.AppStore|Any CPU.Build.0 = Release|Any CPU
		{27950806-5658-40B3-AE26-97AAED09947E}.AppStore|Any CPU.Deploy.0 = Release|Any CPU
		{27950806-5658-40B3-AE26-97AAED09947E}.AppStore|ARM.ActiveCfg = Release|Any CPU
		{27950806-5658-40B3-AE26-97AAED09947E}.AppStore|ARM.Build.0 = Release|Any CPU
		{27950806-5658-40B3-AE26-97AAED09947E}.AppStore|ARM.Deploy.0 = Release|Any CPU
		{27950806-5658-40B3-AE26-97AAED09947E}.AppStore|iPhone.ActiveCfg = Release|Any CPU
		{27950806-5658-40B3-AE26-97AAED09947E}.AppStore|iPhone.Build.0 = Release|Any CPU
		{27950806-5658-40B3-AE26-97AAED09947E}.AppStore|iPhone.Deploy.0 = Release|Any CPU
		{27950806-5658-40B3-AE26-97AAED09947E}.AppStore|iPhoneSimulator.ActiveCfg = Release|Any CPU
		{27950806-5658-40B3-AE26-97AAED09947E}.AppStore|iPhoneSimulator.Build.0 = Release|Any CPU
		{27950806-5658-40B3-AE26-97AAED09947E}.AppStore|iPhoneSimulator.Deploy.0 = Release|Any CPU
		{27950806-5658-40B3-AE26-97AAED09947E}.AppStore|x64.ActiveCfg = Release|Any CPU
		{27950806-5658-40B3-AE26-97AAED09947E}.AppStore|x64.Build.0 = Release|Any CPU
		{27950806-5658-40B3-AE26-97AAED09947E}.AppStore|x64.Deploy.0 = Release|Any CPU
		{27950806-5658-40B3-AE26-97AAED09947E}.AppStore|x86.ActiveCfg = Release|Any CPU
		{27950806-5658-40B3-AE26-97AAED09947E}.AppStore|x86.Build.0 = Release|Any CPU
		{27950806-5658-40B3-AE26-97AAED09947E}.AppStore|x86.Deploy.0 = Release|Any CPU
		{27950806-5658-40B3-AE26-97AAED09947E}.Debug|Any CPU.ActiveCfg = Debug|Any CPU
		{27950806-5658-40B3-AE26-97AAED09947E}.Debug|Any CPU.Build.0 = Debug|Any CPU
		{27950806-5658-40B3-AE26-97AAED09947E}.Debug|Any CPU.Deploy.0 = Debug|Any CPU
		{27950806-5658-40B3-AE26-97AAED09947E}.Debug|ARM.ActiveCfg = Debug|Any CPU
		{27950806-5658-40B3-AE26-97AAED09947E}.Debug|ARM.Build.0 = Debug|Any CPU
		{27950806-5658-40B3-AE26-97AAED09947E}.Debug|ARM.Deploy.0 = Debug|Any CPU
		{27950806-5658-40B3-AE26-97AAED09947E}.Debug|iPhone.ActiveCfg = Debug|Any CPU
		{27950806-5658-40B3-AE26-97AAED09947E}.Debug|iPhone.Build.0 = Debug|Any CPU
		{27950806-5658-40B3-AE26-97AAED09947E}.Debug|iPhone.Deploy.0 = Debug|Any CPU
		{27950806-5658-40B3-AE26-97AAED09947E}.Debug|iPhoneSimulator.ActiveCfg = Debug|Any CPU
		{27950806-5658-40B3-AE26-97AAED09947E}.Debug|iPhoneSimulator.Build.0 = Debug|Any CPU
		{27950806-5658-40B3-AE26-97AAED09947E}.Debug|iPhoneSimulator.Deploy.0 = Debug|Any CPU
		{27950806-5658-40B3-AE26-97AAED09947E}.Debug|x64.ActiveCfg = Debug|Any CPU
		{27950806-5658-40B3-AE26-97AAED09947E}.Debug|x64.Build.0 = Debug|Any CPU
		{27950806-5658-40B3-AE26-97AAED09947E}.Debug|x64.Deploy.0 = Debug|Any CPU
		{27950806-5658-40B3-AE26-97AAED09947E}.Debug|x86.ActiveCfg = Debug|Any CPU
		{27950806-5658-40B3-AE26-97AAED09947E}.Debug|x86.Build.0 = Debug|Any CPU
		{27950806-5658-40B3-AE26-97AAED09947E}.Debug|x86.Deploy.0 = Debug|Any CPU
		{27950806-5658-40B3-AE26-97AAED09947E}.Release|Any CPU.ActiveCfg = Release|Any CPU
		{27950806-5658-40B3-AE26-97AAED09947E}.Release|Any CPU.Build.0 = Release|Any CPU
		{27950806-5658-40B3-AE26-97AAED09947E}.Release|Any CPU.Deploy.0 = Release|Any CPU
		{27950806-5658-40B3-AE26-97AAED09947E}.Release|ARM.ActiveCfg = Release|Any CPU
		{27950806-5658-40B3-AE26-97AAED09947E}.Release|ARM.Build.0 = Release|Any CPU
		{27950806-5658-40B3-AE26-97AAED09947E}.Release|ARM.Deploy.0 = Release|Any CPU
		{27950806-5658-40B3-AE26-97AAED09947E}.Release|iPhone.ActiveCfg = Release|Any CPU
		{27950806-5658-40B3-AE26-97AAED09947E}.Release|iPhone.Build.0 = Release|Any CPU
		{27950806-5658-40B3-AE26-97AAED09947E}.Release|iPhone.Deploy.0 = Release|Any CPU
		{27950806-5658-40B3-AE26-97AAED09947E}.Release|iPhoneSimulator.ActiveCfg = Release|Any CPU
		{27950806-5658-40B3-AE26-97AAED09947E}.Release|iPhoneSimulator.Build.0 = Release|Any CPU
		{27950806-5658-40B3-AE26-97AAED09947E}.Release|iPhoneSimulator.Deploy.0 = Release|Any CPU
		{27950806-5658-40B3-AE26-97AAED09947E}.Release|x64.ActiveCfg = Release|Any CPU
		{27950806-5658-40B3-AE26-97AAED09947E}.Release|x64.Build.0 = Release|Any CPU
		{27950806-5658-40B3-AE26-97AAED09947E}.Release|x64.Deploy.0 = Release|Any CPU
		{27950806-5658-40B3-AE26-97AAED09947E}.Release|x86.ActiveCfg = Release|Any CPU
		{27950806-5658-40B3-AE26-97AAED09947E}.Release|x86.Build.0 = Release|Any CPU
		{27950806-5658-40B3-AE26-97AAED09947E}.Release|x86.Deploy.0 = Release|Any CPU
		{4BD3E95A-2F29-4C3E-8B40-7B53038C1C59}.Ad-Hoc|Any CPU.ActiveCfg = Ad-Hoc|iPhone
		{4BD3E95A-2F29-4C3E-8B40-7B53038C1C59}.Ad-Hoc|ARM.ActiveCfg = Ad-Hoc|iPhone
		{4BD3E95A-2F29-4C3E-8B40-7B53038C1C59}.Ad-Hoc|iPhone.ActiveCfg = Ad-Hoc|iPhone
		{4BD3E95A-2F29-4C3E-8B40-7B53038C1C59}.Ad-Hoc|iPhone.Build.0 = Ad-Hoc|iPhone
		{4BD3E95A-2F29-4C3E-8B40-7B53038C1C59}.Ad-Hoc|iPhoneSimulator.ActiveCfg = Ad-Hoc|iPhoneSimulator
		{4BD3E95A-2F29-4C3E-8B40-7B53038C1C59}.Ad-Hoc|iPhoneSimulator.Build.0 = Ad-Hoc|iPhoneSimulator
		{4BD3E95A-2F29-4C3E-8B40-7B53038C1C59}.Ad-Hoc|x64.ActiveCfg = Ad-Hoc|iPhone
		{4BD3E95A-2F29-4C3E-8B40-7B53038C1C59}.Ad-Hoc|x86.ActiveCfg = Ad-Hoc|iPhone
		{4BD3E95A-2F29-4C3E-8B40-7B53038C1C59}.AppStore|Any CPU.ActiveCfg = AppStore|iPhone
		{4BD3E95A-2F29-4C3E-8B40-7B53038C1C59}.AppStore|ARM.ActiveCfg = AppStore|iPhone
		{4BD3E95A-2F29-4C3E-8B40-7B53038C1C59}.AppStore|iPhone.ActiveCfg = AppStore|iPhone
		{4BD3E95A-2F29-4C3E-8B40-7B53038C1C59}.AppStore|iPhone.Build.0 = AppStore|iPhone
		{4BD3E95A-2F29-4C3E-8B40-7B53038C1C59}.AppStore|iPhoneSimulator.ActiveCfg = AppStore|iPhoneSimulator
		{4BD3E95A-2F29-4C3E-8B40-7B53038C1C59}.AppStore|iPhoneSimulator.Build.0 = AppStore|iPhoneSimulator
		{4BD3E95A-2F29-4C3E-8B40-7B53038C1C59}.AppStore|x64.ActiveCfg = AppStore|iPhone
		{4BD3E95A-2F29-4C3E-8B40-7B53038C1C59}.AppStore|x86.ActiveCfg = AppStore|iPhone
		{4BD3E95A-2F29-4C3E-8B40-7B53038C1C59}.Debug|Any CPU.ActiveCfg = Debug|iPhone
		{4BD3E95A-2F29-4C3E-8B40-7B53038C1C59}.Debug|ARM.ActiveCfg = Debug|iPhone
		{4BD3E95A-2F29-4C3E-8B40-7B53038C1C59}.Debug|iPhone.ActiveCfg = Debug|iPhone
		{4BD3E95A-2F29-4C3E-8B40-7B53038C1C59}.Debug|iPhone.Build.0 = Debug|iPhone
		{4BD3E95A-2F29-4C3E-8B40-7B53038C1C59}.Debug|iPhoneSimulator.ActiveCfg = Debug|iPhoneSimulator
		{4BD3E95A-2F29-4C3E-8B40-7B53038C1C59}.Debug|iPhoneSimulator.Build.0 = Debug|iPhoneSimulator
		{4BD3E95A-2F29-4C3E-8B40-7B53038C1C59}.Debug|x64.ActiveCfg = Debug|iPhone
		{4BD3E95A-2F29-4C3E-8B40-7B53038C1C59}.Debug|x86.ActiveCfg = Debug|iPhone
		{4BD3E95A-2F29-4C3E-8B40-7B53038C1C59}.Release|Any CPU.ActiveCfg = Release|iPhone
		{4BD3E95A-2F29-4C3E-8B40-7B53038C1C59}.Release|ARM.ActiveCfg = Release|iPhone
		{4BD3E95A-2F29-4C3E-8B40-7B53038C1C59}.Release|iPhone.ActiveCfg = Release|iPhone
		{4BD3E95A-2F29-4C3E-8B40-7B53038C1C59}.Release|iPhone.Build.0 = Release|iPhone
		{4BD3E95A-2F29-4C3E-8B40-7B53038C1C59}.Release|iPhoneSimulator.ActiveCfg = Release|iPhoneSimulator
		{4BD3E95A-2F29-4C3E-8B40-7B53038C1C59}.Release|iPhoneSimulator.Build.0 = Release|iPhoneSimulator
		{4BD3E95A-2F29-4C3E-8B40-7B53038C1C59}.Release|x64.ActiveCfg = Release|iPhone
		{4BD3E95A-2F29-4C3E-8B40-7B53038C1C59}.Release|x86.ActiveCfg = Release|iPhone
		{C5500C5A-22E4-4FB2-B0E7-7229FB30E8FF}.Ad-Hoc|Any CPU.ActiveCfg = Release|Any CPU
		{C5500C5A-22E4-4FB2-B0E7-7229FB30E8FF}.Ad-Hoc|Any CPU.Build.0 = Release|Any CPU
		{C5500C5A-22E4-4FB2-B0E7-7229FB30E8FF}.Ad-Hoc|Any CPU.Deploy.0 = Release|Any CPU
		{C5500C5A-22E4-4FB2-B0E7-7229FB30E8FF}.Ad-Hoc|ARM.ActiveCfg = Release|ARM
		{C5500C5A-22E4-4FB2-B0E7-7229FB30E8FF}.Ad-Hoc|ARM.Build.0 = Release|ARM
		{C5500C5A-22E4-4FB2-B0E7-7229FB30E8FF}.Ad-Hoc|ARM.Deploy.0 = Release|ARM
		{C5500C5A-22E4-4FB2-B0E7-7229FB30E8FF}.Ad-Hoc|iPhone.ActiveCfg = Release|Any CPU
		{C5500C5A-22E4-4FB2-B0E7-7229FB30E8FF}.Ad-Hoc|iPhone.Build.0 = Release|Any CPU
		{C5500C5A-22E4-4FB2-B0E7-7229FB30E8FF}.Ad-Hoc|iPhone.Deploy.0 = Release|Any CPU
		{C5500C5A-22E4-4FB2-B0E7-7229FB30E8FF}.Ad-Hoc|iPhoneSimulator.ActiveCfg = Release|Any CPU
		{C5500C5A-22E4-4FB2-B0E7-7229FB30E8FF}.Ad-Hoc|iPhoneSimulator.Build.0 = Release|Any CPU
		{C5500C5A-22E4-4FB2-B0E7-7229FB30E8FF}.Ad-Hoc|iPhoneSimulator.Deploy.0 = Release|Any CPU
		{C5500C5A-22E4-4FB2-B0E7-7229FB30E8FF}.Ad-Hoc|x64.ActiveCfg = Release|Any CPU
		{C5500C5A-22E4-4FB2-B0E7-7229FB30E8FF}.Ad-Hoc|x64.Build.0 = Release|Any CPU
		{C5500C5A-22E4-4FB2-B0E7-7229FB30E8FF}.Ad-Hoc|x64.Deploy.0 = Release|Any CPU
		{C5500C5A-22E4-4FB2-B0E7-7229FB30E8FF}.Ad-Hoc|x86.ActiveCfg = Release|x86
		{C5500C5A-22E4-4FB2-B0E7-7229FB30E8FF}.Ad-Hoc|x86.Build.0 = Release|x86
		{C5500C5A-22E4-4FB2-B0E7-7229FB30E8FF}.Ad-Hoc|x86.Deploy.0 = Release|x86
		{C5500C5A-22E4-4FB2-B0E7-7229FB30E8FF}.AppStore|Any CPU.ActiveCfg = Release|Any CPU
		{C5500C5A-22E4-4FB2-B0E7-7229FB30E8FF}.AppStore|Any CPU.Build.0 = Release|Any CPU
		{C5500C5A-22E4-4FB2-B0E7-7229FB30E8FF}.AppStore|Any CPU.Deploy.0 = Release|Any CPU
		{C5500C5A-22E4-4FB2-B0E7-7229FB30E8FF}.AppStore|ARM.ActiveCfg = Release|ARM
		{C5500C5A-22E4-4FB2-B0E7-7229FB30E8FF}.AppStore|ARM.Build.0 = Release|ARM
		{C5500C5A-22E4-4FB2-B0E7-7229FB30E8FF}.AppStore|ARM.Deploy.0 = Release|ARM
		{C5500C5A-22E4-4FB2-B0E7-7229FB30E8FF}.AppStore|iPhone.ActiveCfg = Release|Any CPU
		{C5500C5A-22E4-4FB2-B0E7-7229FB30E8FF}.AppStore|iPhone.Build.0 = Release|Any CPU
		{C5500C5A-22E4-4FB2-B0E7-7229FB30E8FF}.AppStore|iPhone.Deploy.0 = Release|Any CPU
		{C5500C5A-22E4-4FB2-B0E7-7229FB30E8FF}.AppStore|iPhoneSimulator.ActiveCfg = Release|Any CPU
		{C5500C5A-22E4-4FB2-B0E7-7229FB30E8FF}.AppStore|iPhoneSimulator.Build.0 = Release|Any CPU
		{C5500C5A-22E4-4FB2-B0E7-7229FB30E8FF}.AppStore|iPhoneSimulator.Deploy.0 = Release|Any CPU
		{C5500C5A-22E4-4FB2-B0E7-7229FB30E8FF}.AppStore|x64.ActiveCfg = Release|Any CPU
		{C5500C5A-22E4-4FB2-B0E7-7229FB30E8FF}.AppStore|x64.Build.0 = Release|Any CPU
		{C5500C5A-22E4-4FB2-B0E7-7229FB30E8FF}.AppStore|x64.Deploy.0 = Release|Any CPU
		{C5500C5A-22E4-4FB2-B0E7-7229FB30E8FF}.AppStore|x86.ActiveCfg = Release|x86
		{C5500C5A-22E4-4FB2-B0E7-7229FB30E8FF}.AppStore|x86.Build.0 = Release|x86
		{C5500C5A-22E4-4FB2-B0E7-7229FB30E8FF}.AppStore|x86.Deploy.0 = Release|x86
		{C5500C5A-22E4-4FB2-B0E7-7229FB30E8FF}.Debug|Any CPU.ActiveCfg = Debug|Any CPU
		{C5500C5A-22E4-4FB2-B0E7-7229FB30E8FF}.Debug|Any CPU.Build.0 = Debug|Any CPU
		{C5500C5A-22E4-4FB2-B0E7-7229FB30E8FF}.Debug|Any CPU.Deploy.0 = Debug|Any CPU
		{C5500C5A-22E4-4FB2-B0E7-7229FB30E8FF}.Debug|ARM.ActiveCfg = Debug|ARM
		{C5500C5A-22E4-4FB2-B0E7-7229FB30E8FF}.Debug|ARM.Build.0 = Debug|ARM
		{C5500C5A-22E4-4FB2-B0E7-7229FB30E8FF}.Debug|ARM.Deploy.0 = Debug|ARM
		{C5500C5A-22E4-4FB2-B0E7-7229FB30E8FF}.Debug|iPhone.ActiveCfg = Debug|Any CPU
		{C5500C5A-22E4-4FB2-B0E7-7229FB30E8FF}.Debug|iPhone.Build.0 = Debug|Any CPU
		{C5500C5A-22E4-4FB2-B0E7-7229FB30E8FF}.Debug|iPhone.Deploy.0 = Debug|Any CPU
		{C5500C5A-22E4-4FB2-B0E7-7229FB30E8FF}.Debug|iPhoneSimulator.ActiveCfg = Debug|Any CPU
		{C5500C5A-22E4-4FB2-B0E7-7229FB30E8FF}.Debug|iPhoneSimulator.Build.0 = Debug|Any CPU
		{C5500C5A-22E4-4FB2-B0E7-7229FB30E8FF}.Debug|iPhoneSimulator.Deploy.0 = Debug|Any CPU
		{C5500C5A-22E4-4FB2-B0E7-7229FB30E8FF}.Debug|x64.ActiveCfg = Debug|Any CPU
		{C5500C5A-22E4-4FB2-B0E7-7229FB30E8FF}.Debug|x64.Build.0 = Debug|Any CPU
		{C5500C5A-22E4-4FB2-B0E7-7229FB30E8FF}.Debug|x64.Deploy.0 = Debug|Any CPU
		{C5500C5A-22E4-4FB2-B0E7-7229FB30E8FF}.Debug|x86.ActiveCfg = Debug|x86
		{C5500C5A-22E4-4FB2-B0E7-7229FB30E8FF}.Debug|x86.Build.0 = Debug|x86
		{C5500C5A-22E4-4FB2-B0E7-7229FB30E8FF}.Debug|x86.Deploy.0 = Debug|x86
		{C5500C5A-22E4-4FB2-B0E7-7229FB30E8FF}.Release|Any CPU.ActiveCfg = Release|Any CPU
		{C5500C5A-22E4-4FB2-B0E7-7229FB30E8FF}.Release|Any CPU.Build.0 = Release|Any CPU
		{C5500C5A-22E4-4FB2-B0E7-7229FB30E8FF}.Release|Any CPU.Deploy.0 = Release|Any CPU
		{C5500C5A-22E4-4FB2-B0E7-7229FB30E8FF}.Release|ARM.ActiveCfg = Release|ARM
		{C5500C5A-22E4-4FB2-B0E7-7229FB30E8FF}.Release|ARM.Build.0 = Release|ARM
		{C5500C5A-22E4-4FB2-B0E7-7229FB30E8FF}.Release|ARM.Deploy.0 = Release|ARM
		{C5500C5A-22E4-4FB2-B0E7-7229FB30E8FF}.Release|iPhone.ActiveCfg = Release|Any CPU
		{C5500C5A-22E4-4FB2-B0E7-7229FB30E8FF}.Release|iPhone.Build.0 = Release|Any CPU
		{C5500C5A-22E4-4FB2-B0E7-7229FB30E8FF}.Release|iPhone.Deploy.0 = Release|Any CPU
		{C5500C5A-22E4-4FB2-B0E7-7229FB30E8FF}.Release|iPhoneSimulator.ActiveCfg = Release|Any CPU
		{C5500C5A-22E4-4FB2-B0E7-7229FB30E8FF}.Release|iPhoneSimulator.Build.0 = Release|Any CPU
		{C5500C5A-22E4-4FB2-B0E7-7229FB30E8FF}.Release|iPhoneSimulator.Deploy.0 = Release|Any CPU
		{C5500C5A-22E4-4FB2-B0E7-7229FB30E8FF}.Release|x64.ActiveCfg = Release|Any CPU
		{C5500C5A-22E4-4FB2-B0E7-7229FB30E8FF}.Release|x64.Build.0 = Release|Any CPU
		{C5500C5A-22E4-4FB2-B0E7-7229FB30E8FF}.Release|x64.Deploy.0 = Release|Any CPU
		{C5500C5A-22E4-4FB2-B0E7-7229FB30E8FF}.Release|x86.ActiveCfg = Release|x86
		{C5500C5A-22E4-4FB2-B0E7-7229FB30E8FF}.Release|x86.Build.0 = Release|x86
		{C5500C5A-22E4-4FB2-B0E7-7229FB30E8FF}.Release|x86.Deploy.0 = Release|x86
		{8F4C4A71-A475-4721-9EA4-E2A12FF67098}.Ad-Hoc|Any CPU.ActiveCfg = Release|x86
		{8F4C4A71-A475-4721-9EA4-E2A12FF67098}.Ad-Hoc|Any CPU.Build.0 = Release|x86
		{8F4C4A71-A475-4721-9EA4-E2A12FF67098}.Ad-Hoc|Any CPU.Deploy.0 = Release|x86
		{8F4C4A71-A475-4721-9EA4-E2A12FF67098}.Ad-Hoc|ARM.ActiveCfg = Release|ARM
		{8F4C4A71-A475-4721-9EA4-E2A12FF67098}.Ad-Hoc|ARM.Build.0 = Release|ARM
		{8F4C4A71-A475-4721-9EA4-E2A12FF67098}.Ad-Hoc|ARM.Deploy.0 = Release|ARM
		{8F4C4A71-A475-4721-9EA4-E2A12FF67098}.Ad-Hoc|iPhone.ActiveCfg = Release|x86
		{8F4C4A71-A475-4721-9EA4-E2A12FF67098}.Ad-Hoc|iPhone.Build.0 = Release|x86
		{8F4C4A71-A475-4721-9EA4-E2A12FF67098}.Ad-Hoc|iPhone.Deploy.0 = Release|x86
		{8F4C4A71-A475-4721-9EA4-E2A12FF67098}.Ad-Hoc|iPhoneSimulator.ActiveCfg = Release|x86
		{8F4C4A71-A475-4721-9EA4-E2A12FF67098}.Ad-Hoc|iPhoneSimulator.Build.0 = Release|x86
		{8F4C4A71-A475-4721-9EA4-E2A12FF67098}.Ad-Hoc|iPhoneSimulator.Deploy.0 = Release|x86
		{8F4C4A71-A475-4721-9EA4-E2A12FF67098}.Ad-Hoc|x64.ActiveCfg = Release|x64
		{8F4C4A71-A475-4721-9EA4-E2A12FF67098}.Ad-Hoc|x64.Build.0 = Release|x64
		{8F4C4A71-A475-4721-9EA4-E2A12FF67098}.Ad-Hoc|x64.Deploy.0 = Release|x64
		{8F4C4A71-A475-4721-9EA4-E2A12FF67098}.Ad-Hoc|x86.ActiveCfg = Release|x86
		{8F4C4A71-A475-4721-9EA4-E2A12FF67098}.Ad-Hoc|x86.Build.0 = Release|x86
		{8F4C4A71-A475-4721-9EA4-E2A12FF67098}.Ad-Hoc|x86.Deploy.0 = Release|x86
		{8F4C4A71-A475-4721-9EA4-E2A12FF67098}.AppStore|Any CPU.ActiveCfg = Release|x86
		{8F4C4A71-A475-4721-9EA4-E2A12FF67098}.AppStore|Any CPU.Build.0 = Release|x86
		{8F4C4A71-A475-4721-9EA4-E2A12FF67098}.AppStore|Any CPU.Deploy.0 = Release|x86
		{8F4C4A71-A475-4721-9EA4-E2A12FF67098}.AppStore|ARM.ActiveCfg = Release|ARM
		{8F4C4A71-A475-4721-9EA4-E2A12FF67098}.AppStore|ARM.Build.0 = Release|ARM
		{8F4C4A71-A475-4721-9EA4-E2A12FF67098}.AppStore|ARM.Deploy.0 = Release|ARM
		{8F4C4A71-A475-4721-9EA4-E2A12FF67098}.AppStore|iPhone.ActiveCfg = Release|x86
		{8F4C4A71-A475-4721-9EA4-E2A12FF67098}.AppStore|iPhone.Build.0 = Release|x86
		{8F4C4A71-A475-4721-9EA4-E2A12FF67098}.AppStore|iPhone.Deploy.0 = Release|x86
		{8F4C4A71-A475-4721-9EA4-E2A12FF67098}.AppStore|iPhoneSimulator.ActiveCfg = Release|x86
		{8F4C4A71-A475-4721-9EA4-E2A12FF67098}.AppStore|iPhoneSimulator.Build.0 = Release|x86
		{8F4C4A71-A475-4721-9EA4-E2A12FF67098}.AppStore|iPhoneSimulator.Deploy.0 = Release|x86
		{8F4C4A71-A475-4721-9EA4-E2A12FF67098}.AppStore|x64.ActiveCfg = Release|x64
		{8F4C4A71-A475-4721-9EA4-E2A12FF67098}.AppStore|x64.Build.0 = Release|x64
		{8F4C4A71-A475-4721-9EA4-E2A12FF67098}.AppStore|x64.Deploy.0 = Release|x64
		{8F4C4A71-A475-4721-9EA4-E2A12FF67098}.AppStore|x86.ActiveCfg = Release|x86
		{8F4C4A71-A475-4721-9EA4-E2A12FF67098}.AppStore|x86.Build.0 = Release|x86
		{8F4C4A71-A475-4721-9EA4-E2A12FF67098}.AppStore|x86.Deploy.0 = Release|x86
		{8F4C4A71-A475-4721-9EA4-E2A12FF67098}.Debug|Any CPU.ActiveCfg = Debug|x86
		{8F4C4A71-A475-4721-9EA4-E2A12FF67098}.Debug|ARM.ActiveCfg = Debug|ARM
		{8F4C4A71-A475-4721-9EA4-E2A12FF67098}.Debug|ARM.Build.0 = Debug|ARM
		{8F4C4A71-A475-4721-9EA4-E2A12FF67098}.Debug|ARM.Deploy.0 = Debug|ARM
		{8F4C4A71-A475-4721-9EA4-E2A12FF67098}.Debug|iPhone.ActiveCfg = Debug|x86
		{8F4C4A71-A475-4721-9EA4-E2A12FF67098}.Debug|iPhoneSimulator.ActiveCfg = Debug|x86
		{8F4C4A71-A475-4721-9EA4-E2A12FF67098}.Debug|x64.ActiveCfg = Debug|x64
		{8F4C4A71-A475-4721-9EA4-E2A12FF67098}.Debug|x64.Build.0 = Debug|x64
		{8F4C4A71-A475-4721-9EA4-E2A12FF67098}.Debug|x64.Deploy.0 = Debug|x64
		{8F4C4A71-A475-4721-9EA4-E2A12FF67098}.Debug|x86.ActiveCfg = Debug|x86
		{8F4C4A71-A475-4721-9EA4-E2A12FF67098}.Debug|x86.Build.0 = Debug|x86
		{8F4C4A71-A475-4721-9EA4-E2A12FF67098}.Debug|x86.Deploy.0 = Debug|x86
		{8F4C4A71-A475-4721-9EA4-E2A12FF67098}.Release|Any CPU.ActiveCfg = Release|x86
		{8F4C4A71-A475-4721-9EA4-E2A12FF67098}.Release|ARM.ActiveCfg = Release|ARM
		{8F4C4A71-A475-4721-9EA4-E2A12FF67098}.Release|ARM.Build.0 = Release|ARM
		{8F4C4A71-A475-4721-9EA4-E2A12FF67098}.Release|ARM.Deploy.0 = Release|ARM
		{8F4C4A71-A475-4721-9EA4-E2A12FF67098}.Release|iPhone.ActiveCfg = Release|x86
		{8F4C4A71-A475-4721-9EA4-E2A12FF67098}.Release|iPhoneSimulator.ActiveCfg = Release|x86
		{8F4C4A71-A475-4721-9EA4-E2A12FF67098}.Release|x64.ActiveCfg = Release|x64
		{8F4C4A71-A475-4721-9EA4-E2A12FF67098}.Release|x64.Build.0 = Release|x64
		{8F4C4A71-A475-4721-9EA4-E2A12FF67098}.Release|x64.Deploy.0 = Release|x64
		{8F4C4A71-A475-4721-9EA4-E2A12FF67098}.Release|x86.ActiveCfg = Release|x86
		{8F4C4A71-A475-4721-9EA4-E2A12FF67098}.Release|x86.Build.0 = Release|x86
		{8F4C4A71-A475-4721-9EA4-E2A12FF67098}.Release|x86.Deploy.0 = Release|x86
		{8FC56B54-4429-4616-8CE0-885C9831A576}.Ad-Hoc|Any CPU.ActiveCfg = Release|Any CPU
		{8FC56B54-4429-4616-8CE0-885C9831A576}.Ad-Hoc|Any CPU.Build.0 = Release|Any CPU
		{8FC56B54-4429-4616-8CE0-885C9831A576}.Ad-Hoc|Any CPU.Deploy.0 = Release|Any CPU
		{8FC56B54-4429-4616-8CE0-885C9831A576}.Ad-Hoc|ARM.ActiveCfg = Release|ARM
		{8FC56B54-4429-4616-8CE0-885C9831A576}.Ad-Hoc|ARM.Build.0 = Release|ARM
		{8FC56B54-4429-4616-8CE0-885C9831A576}.Ad-Hoc|ARM.Deploy.0 = Release|ARM
		{8FC56B54-4429-4616-8CE0-885C9831A576}.Ad-Hoc|iPhone.ActiveCfg = Release|Any CPU
		{8FC56B54-4429-4616-8CE0-885C9831A576}.Ad-Hoc|iPhone.Build.0 = Release|Any CPU
		{8FC56B54-4429-4616-8CE0-885C9831A576}.Ad-Hoc|iPhone.Deploy.0 = Release|Any CPU
		{8FC56B54-4429-4616-8CE0-885C9831A576}.Ad-Hoc|iPhoneSimulator.ActiveCfg = Release|Any CPU
		{8FC56B54-4429-4616-8CE0-885C9831A576}.Ad-Hoc|iPhoneSimulator.Build.0 = Release|Any CPU
		{8FC56B54-4429-4616-8CE0-885C9831A576}.Ad-Hoc|iPhoneSimulator.Deploy.0 = Release|Any CPU
		{8FC56B54-4429-4616-8CE0-885C9831A576}.Ad-Hoc|x64.ActiveCfg = Release|x64
		{8FC56B54-4429-4616-8CE0-885C9831A576}.Ad-Hoc|x64.Build.0 = Release|x64
		{8FC56B54-4429-4616-8CE0-885C9831A576}.Ad-Hoc|x64.Deploy.0 = Release|x64
		{8FC56B54-4429-4616-8CE0-885C9831A576}.Ad-Hoc|x86.ActiveCfg = Release|x86
		{8FC56B54-4429-4616-8CE0-885C9831A576}.Ad-Hoc|x86.Build.0 = Release|x86
		{8FC56B54-4429-4616-8CE0-885C9831A576}.Ad-Hoc|x86.Deploy.0 = Release|x86
		{8FC56B54-4429-4616-8CE0-885C9831A576}.AppStore|Any CPU.ActiveCfg = Release|Any CPU
		{8FC56B54-4429-4616-8CE0-885C9831A576}.AppStore|Any CPU.Build.0 = Release|Any CPU
		{8FC56B54-4429-4616-8CE0-885C9831A576}.AppStore|Any CPU.Deploy.0 = Release|Any CPU
		{8FC56B54-4429-4616-8CE0-885C9831A576}.AppStore|ARM.ActiveCfg = Release|ARM
		{8FC56B54-4429-4616-8CE0-885C9831A576}.AppStore|ARM.Build.0 = Release|ARM
		{8FC56B54-4429-4616-8CE0-885C9831A576}.AppStore|ARM.Deploy.0 = Release|ARM
		{8FC56B54-4429-4616-8CE0-885C9831A576}.AppStore|iPhone.ActiveCfg = Release|Any CPU
		{8FC56B54-4429-4616-8CE0-885C9831A576}.AppStore|iPhone.Build.0 = Release|Any CPU
		{8FC56B54-4429-4616-8CE0-885C9831A576}.AppStore|iPhone.Deploy.0 = Release|Any CPU
		{8FC56B54-4429-4616-8CE0-885C9831A576}.AppStore|iPhoneSimulator.ActiveCfg = Release|Any CPU
		{8FC56B54-4429-4616-8CE0-885C9831A576}.AppStore|iPhoneSimulator.Build.0 = Release|Any CPU
		{8FC56B54-4429-4616-8CE0-885C9831A576}.AppStore|iPhoneSimulator.Deploy.0 = Release|Any CPU
		{8FC56B54-4429-4616-8CE0-885C9831A576}.AppStore|x64.ActiveCfg = Release|x64
		{8FC56B54-4429-4616-8CE0-885C9831A576}.AppStore|x64.Build.0 = Release|x64
		{8FC56B54-4429-4616-8CE0-885C9831A576}.AppStore|x64.Deploy.0 = Release|x64
		{8FC56B54-4429-4616-8CE0-885C9831A576}.AppStore|x86.ActiveCfg = Release|x86
		{8FC56B54-4429-4616-8CE0-885C9831A576}.AppStore|x86.Build.0 = Release|x86
		{8FC56B54-4429-4616-8CE0-885C9831A576}.AppStore|x86.Deploy.0 = Release|x86
		{8FC56B54-4429-4616-8CE0-885C9831A576}.Debug|Any CPU.ActiveCfg = Debug|Any CPU
		{8FC56B54-4429-4616-8CE0-885C9831A576}.Debug|Any CPU.Build.0 = Debug|Any CPU
		{8FC56B54-4429-4616-8CE0-885C9831A576}.Debug|Any CPU.Deploy.0 = Debug|Any CPU
		{8FC56B54-4429-4616-8CE0-885C9831A576}.Debug|ARM.ActiveCfg = Debug|ARM
		{8FC56B54-4429-4616-8CE0-885C9831A576}.Debug|ARM.Build.0 = Debug|ARM
		{8FC56B54-4429-4616-8CE0-885C9831A576}.Debug|ARM.Deploy.0 = Debug|ARM
		{8FC56B54-4429-4616-8CE0-885C9831A576}.Debug|iPhone.ActiveCfg = Debug|Any CPU
		{8FC56B54-4429-4616-8CE0-885C9831A576}.Debug|iPhone.Build.0 = Debug|Any CPU
		{8FC56B54-4429-4616-8CE0-885C9831A576}.Debug|iPhone.Deploy.0 = Debug|Any CPU
		{8FC56B54-4429-4616-8CE0-885C9831A576}.Debug|iPhoneSimulator.ActiveCfg = Debug|Any CPU
		{8FC56B54-4429-4616-8CE0-885C9831A576}.Debug|iPhoneSimulator.Build.0 = Debug|Any CPU
		{8FC56B54-4429-4616-8CE0-885C9831A576}.Debug|iPhoneSimulator.Deploy.0 = Debug|Any CPU
		{8FC56B54-4429-4616-8CE0-885C9831A576}.Debug|x64.ActiveCfg = Debug|x64
		{8FC56B54-4429-4616-8CE0-885C9831A576}.Debug|x64.Build.0 = Debug|x64
		{8FC56B54-4429-4616-8CE0-885C9831A576}.Debug|x64.Deploy.0 = Debug|x64
		{8FC56B54-4429-4616-8CE0-885C9831A576}.Debug|x86.ActiveCfg = Debug|x86
		{8FC56B54-4429-4616-8CE0-885C9831A576}.Debug|x86.Build.0 = Debug|x86
		{8FC56B54-4429-4616-8CE0-885C9831A576}.Debug|x86.Deploy.0 = Debug|x86
		{8FC56B54-4429-4616-8CE0-885C9831A576}.Release|Any CPU.ActiveCfg = Release|Any CPU
		{8FC56B54-4429-4616-8CE0-885C9831A576}.Release|Any CPU.Build.0 = Release|Any CPU
		{8FC56B54-4429-4616-8CE0-885C9831A576}.Release|Any CPU.Deploy.0 = Release|Any CPU
		{8FC56B54-4429-4616-8CE0-885C9831A576}.Release|ARM.ActiveCfg = Release|ARM
		{8FC56B54-4429-4616-8CE0-885C9831A576}.Release|ARM.Build.0 = Release|ARM
		{8FC56B54-4429-4616-8CE0-885C9831A576}.Release|ARM.Deploy.0 = Release|ARM
		{8FC56B54-4429-4616-8CE0-885C9831A576}.Release|iPhone.ActiveCfg = Release|Any CPU
		{8FC56B54-4429-4616-8CE0-885C9831A576}.Release|iPhone.Build.0 = Release|Any CPU
		{8FC56B54-4429-4616-8CE0-885C9831A576}.Release|iPhone.Deploy.0 = Release|Any CPU
		{8FC56B54-4429-4616-8CE0-885C9831A576}.Release|iPhoneSimulator.ActiveCfg = Release|Any CPU
		{8FC56B54-4429-4616-8CE0-885C9831A576}.Release|iPhoneSimulator.Build.0 = Release|Any CPU
		{8FC56B54-4429-4616-8CE0-885C9831A576}.Release|iPhoneSimulator.Deploy.0 = Release|Any CPU
		{8FC56B54-4429-4616-8CE0-885C9831A576}.Release|x64.ActiveCfg = Release|x64
		{8FC56B54-4429-4616-8CE0-885C9831A576}.Release|x64.Build.0 = Release|x64
		{8FC56B54-4429-4616-8CE0-885C9831A576}.Release|x64.Deploy.0 = Release|x64
		{8FC56B54-4429-4616-8CE0-885C9831A576}.Release|x86.ActiveCfg = Release|x86
		{8FC56B54-4429-4616-8CE0-885C9831A576}.Release|x86.Build.0 = Release|x86
		{8FC56B54-4429-4616-8CE0-885C9831A576}.Release|x86.Deploy.0 = Release|x86
		{209FA716-A7AD-4095-BD70-C8710FC66FA7}.Ad-Hoc|Any CPU.ActiveCfg = Release|Any CPU
		{209FA716-A7AD-4095-BD70-C8710FC66FA7}.Ad-Hoc|Any CPU.Build.0 = Release|Any CPU
		{209FA716-A7AD-4095-BD70-C8710FC66FA7}.Ad-Hoc|ARM.ActiveCfg = Release|Any CPU
		{209FA716-A7AD-4095-BD70-C8710FC66FA7}.Ad-Hoc|ARM.Build.0 = Release|Any CPU
		{209FA716-A7AD-4095-BD70-C8710FC66FA7}.Ad-Hoc|iPhone.ActiveCfg = Release|Any CPU
		{209FA716-A7AD-4095-BD70-C8710FC66FA7}.Ad-Hoc|iPhone.Build.0 = Release|Any CPU
		{209FA716-A7AD-4095-BD70-C8710FC66FA7}.Ad-Hoc|iPhoneSimulator.ActiveCfg = Release|Any CPU
		{209FA716-A7AD-4095-BD70-C8710FC66FA7}.Ad-Hoc|iPhoneSimulator.Build.0 = Release|Any CPU
		{209FA716-A7AD-4095-BD70-C8710FC66FA7}.Ad-Hoc|x64.ActiveCfg = Release|Any CPU
		{209FA716-A7AD-4095-BD70-C8710FC66FA7}.Ad-Hoc|x64.Build.0 = Release|Any CPU
		{209FA716-A7AD-4095-BD70-C8710FC66FA7}.Ad-Hoc|x86.ActiveCfg = Release|Any CPU
		{209FA716-A7AD-4095-BD70-C8710FC66FA7}.Ad-Hoc|x86.Build.0 = Release|Any CPU
		{209FA716-A7AD-4095-BD70-C8710FC66FA7}.AppStore|Any CPU.ActiveCfg = Release|Any CPU
		{209FA716-A7AD-4095-BD70-C8710FC66FA7}.AppStore|Any CPU.Build.0 = Release|Any CPU
		{209FA716-A7AD-4095-BD70-C8710FC66FA7}.AppStore|ARM.ActiveCfg = Release|Any CPU
		{209FA716-A7AD-4095-BD70-C8710FC66FA7}.AppStore|ARM.Build.0 = Release|Any CPU
		{209FA716-A7AD-4095-BD70-C8710FC66FA7}.AppStore|iPhone.ActiveCfg = Release|Any CPU
		{209FA716-A7AD-4095-BD70-C8710FC66FA7}.AppStore|iPhone.Build.0 = Release|Any CPU
		{209FA716-A7AD-4095-BD70-C8710FC66FA7}.AppStore|iPhoneSimulator.ActiveCfg = Release|Any CPU
		{209FA716-A7AD-4095-BD70-C8710FC66FA7}.AppStore|iPhoneSimulator.Build.0 = Release|Any CPU
		{209FA716-A7AD-4095-BD70-C8710FC66FA7}.AppStore|x64.ActiveCfg = Release|Any CPU
		{209FA716-A7AD-4095-BD70-C8710FC66FA7}.AppStore|x64.Build.0 = Release|Any CPU
		{209FA716-A7AD-4095-BD70-C8710FC66FA7}.AppStore|x86.ActiveCfg = Release|Any CPU
		{209FA716-A7AD-4095-BD70-C8710FC66FA7}.AppStore|x86.Build.0 = Release|Any CPU
		{209FA716-A7AD-4095-BD70-C8710FC66FA7}.Debug|Any CPU.ActiveCfg = Debug|Any CPU
		{209FA716-A7AD-4095-BD70-C8710FC66FA7}.Debug|Any CPU.Build.0 = Debug|Any CPU
		{209FA716-A7AD-4095-BD70-C8710FC66FA7}.Debug|ARM.ActiveCfg = Debug|Any CPU
		{209FA716-A7AD-4095-BD70-C8710FC66FA7}.Debug|ARM.Build.0 = Debug|Any CPU
		{209FA716-A7AD-4095-BD70-C8710FC66FA7}.Debug|iPhone.ActiveCfg = Debug|Any CPU
		{209FA716-A7AD-4095-BD70-C8710FC66FA7}.Debug|iPhone.Build.0 = Debug|Any CPU
		{209FA716-A7AD-4095-BD70-C8710FC66FA7}.Debug|iPhoneSimulator.ActiveCfg = Debug|Any CPU
		{209FA716-A7AD-4095-BD70-C8710FC66FA7}.Debug|iPhoneSimulator.Build.0 = Debug|Any CPU
		{209FA716-A7AD-4095-BD70-C8710FC66FA7}.Debug|x64.ActiveCfg = Debug|Any CPU
		{209FA716-A7AD-4095-BD70-C8710FC66FA7}.Debug|x64.Build.0 = Debug|Any CPU
		{209FA716-A7AD-4095-BD70-C8710FC66FA7}.Debug|x86.ActiveCfg = Debug|Any CPU
		{209FA716-A7AD-4095-BD70-C8710FC66FA7}.Debug|x86.Build.0 = Debug|Any CPU
		{209FA716-A7AD-4095-BD70-C8710FC66FA7}.Release|Any CPU.ActiveCfg = Release|Any CPU
		{209FA716-A7AD-4095-BD70-C8710FC66FA7}.Release|Any CPU.Build.0 = Release|Any CPU
		{209FA716-A7AD-4095-BD70-C8710FC66FA7}.Release|ARM.ActiveCfg = Release|Any CPU
		{209FA716-A7AD-4095-BD70-C8710FC66FA7}.Release|ARM.Build.0 = Release|Any CPU
		{209FA716-A7AD-4095-BD70-C8710FC66FA7}.Release|iPhone.ActiveCfg = Release|Any CPU
		{209FA716-A7AD-4095-BD70-C8710FC66FA7}.Release|iPhone.Build.0 = Release|Any CPU
		{209FA716-A7AD-4095-BD70-C8710FC66FA7}.Release|iPhoneSimulator.ActiveCfg = Release|Any CPU
		{209FA716-A7AD-4095-BD70-C8710FC66FA7}.Release|iPhoneSimulator.Build.0 = Release|Any CPU
		{209FA716-A7AD-4095-BD70-C8710FC66FA7}.Release|x64.ActiveCfg = Release|Any CPU
		{209FA716-A7AD-4095-BD70-C8710FC66FA7}.Release|x64.Build.0 = Release|Any CPU
		{209FA716-A7AD-4095-BD70-C8710FC66FA7}.Release|x86.ActiveCfg = Release|Any CPU
		{209FA716-A7AD-4095-BD70-C8710FC66FA7}.Release|x86.Build.0 = Release|Any CPU
	EndGlobalSection
	GlobalSection(SolutionProperties) = preSolution
		HideSolutionNode = FALSE
	EndGlobalSection
EndGlobal
